PODS:
  - IQKeyboardManager (4.0.8)
  - Masonry (1.0.2)
  - ZYCornerRadius (1.0.2)

DEPENDENCIES:
  - IQKeyboardManager
  - Masonry
  - ZYCornerRadius

SPEC CHECKSUMS:
  IQKeyboardManager: 1a8189fa153bf09044355ee0ad36826f6767e7f7
  Masonry: 7c429b56da9d4ee0bbb3ed77a5ea710d6a5df39e
  ZYCornerRadius: f0af817be7805b5c63d793042ca7a03f81e14069

PODFILE CHECKSUM: 5eee6f39be899c2189ddc295a9ca11216faa4e72

COCOAPODS: 1.2.0
